// !$*UTF8*$!
{
	archiveVersion = 1;
	classes = {
	};
	objectVersion = 46;
	objects = {

/* Begin PBXBuildFile section */
		4B1AF7881D1604AC00757C7F /* RecordTableViewCell.swift in Sources */ = {isa = PBXBuildFile; fileRef = 4B1AF7871D1604AC00757C7F /* RecordTableViewCell.swift */; };
		4B9056A31D1050F90042457C /* AppDelegate.swift in Sources */ = {isa = PBXBuildFile; fileRef = 4B9056A21D1050F90042457C /* AppDelegate.swift */; };
		4B9056A51D1050F90042457C /* RecordViewController.swift in Sources */ = {isa = PBXBuildFile; fileRef = 4B9056A41D1050F90042457C /* RecordViewController.swift */; };
		4B9056A71D1050F90042457C /* ListViewController.swift in Sources */ = {isa = PBXBuildFile; fileRef = 4B9056A61D1050F90042457C /* ListViewController.swift */; };
		4B9056AA1D1050F90042457C /* Main.storyboard in Resources */ = {isa = PBXBuildFile; fileRef = 4B9056A81D1050F90042457C /* Main.storyboard */; };
		4B9056AC1D1050F90042457C /* Assets.xcassets in Resources */ = {isa = PBXBuildFile; fileRef = 4B9056AB1D1050F90042457C /* Assets.xcassets */; };
		4B9056AF1D1050F90042457C /* LaunchScreen.storyboard in Resources */ = {isa = PBXBuildFile; fileRef = 4B9056AD1D1050F90042457C /* LaunchScreen.storyboard */; };
		4B9056BA1D1050F90042457C /* WakeTrackerTests.swift in Sources */ = {isa = PBXBuildFile; fileRef = 4B9056B91D1050F90042457C /* WakeTrackerTests.swift */; };
		4B9056C51D1050F90042457C /* WakeTrackerUITests.swift in Sources */ = {isa = PBXBuildFile; fileRef = 4B9056C41D1050F90042457C /* WakeTrackerUITests.swift */; };
		4BFFC5931D10A58B00714785 /* Record.swift in Sources */ = {isa = PBXBuildFile; fileRef = 4BFFC5921D10A58B00714785 /* Record.swift */; };
/* End PBXBuildFile section */

/* Begin PBXContainerItemProxy section */
		4B9056B61D1050F90042457C /* PBXContainerItemProxy */ = {
			isa = PBXContainerItemProxy;
			containerPortal = 4B9056971D1050F80042457C /* Project object */;
			proxyType = 1;
			remoteGlobalIDString = 4B90569E1D1050F90042457C;
			remoteInfo = WakeTracker;
		};
		4B9056C11D1050F90042457C /* PBXContainerItemProxy */ = {
			isa = PBXContainerItemProxy;
			containerPortal = 4B9056971D1050F80042457C /* Project object */;
			proxyType = 1;
			remoteGlobalIDString = 4B90569E1D1050F90042457C;
			remoteInfo = WakeTracker;
		};
/* End PBXContainerItemProxy section */

/* Begin PBXFileReference section */
		4B1AF7871D1604AC00757C7F /* RecordTableViewCell.swift */ = {isa = PBXFileReference; fileEncoding = 4; lastKnownFileType = sourcecode.swift; path = RecordTableViewCell.swift; sourceTree = "<group>"; };
		4B90569F1D1050F90042457C /* WakeTracker.app */ = {isa = PBXFileReference; explicitFileType = wrapper.application; includeInIndex = 0; path = WakeTracker.app; sourceTree = BUILT_PRODUCTS_DIR; };
		4B9056A21D1050F90042457C /* AppDelegate.swift */ = {isa = PBXFileReference; lastKnownFileType = sourcecode.swift; path = AppDelegate.swift; sourceTree = "<group>"; };
		4B9056A41D1050F90042457C /* RecordViewController.swift */ = {isa = PBXFileReference; lastKnownFileType = sourcecode.swift; path = RecordViewController.swift; sourceTree = "<group>"; };
		4B9056A61D1050F90042457C /* ListViewController.swift */ = {isa = PBXFileReference; lastKnownFileType = sourcecode.swift; path = ListViewController.swift; sourceTree = "<group>"; };
		4B9056A91D1050F90042457C /* Base */ = {isa = PBXFileReference; lastKnownFileType = file.storyboard; name = Base; path = Base.lproj/Main.storyboard; sourceTree = "<group>"; };
		4B9056AB1D1050F90042457C /* Assets.xcassets */ = {isa = PBXFileReference; lastKnownFileType = folder.assetcatalog; path = Assets.xcassets; sourceTree = "<group>"; };
		4B9056AE1D1050F90042457C /* Base */ = {isa = PBXFileReference; lastKnownFileType = file.storyboard; name = Base; path = Base.lproj/LaunchScreen.storyboard; sourceTree = "<group>"; };
		4B9056B01D1050F90042457C /* Info.plist */ = {isa = PBXFileReference; lastKnownFileType = text.plist.xml; path = Info.plist; sourceTree = "<group>"; };
		4B9056B51D1050F90042457C /* WakeTrackerTests.xctest */ = {isa = PBXFileReference; explicitFileType = wrapper.cfbundle; includeInIndex = 0; path = WakeTrackerTests.xctest; sourceTree = BUILT_PRODUCTS_DIR; };
		4B9056B91D1050F90042457C /* WakeTrackerTests.swift */ = {isa = PBXFileReference; lastKnownFileType = sourcecode.swift; path = WakeTrackerTests.swift; sourceTree = "<group>"; };
		4B9056BB1D1050F90042457C /* Info.plist */ = {isa = PBXFileReference; lastKnownFileType = text.plist.xml; path = Info.plist; sourceTree = "<group>"; };
		4B9056C01D1050F90042457C /* WakeTrackerUITests.xctest */ = {isa = PBXFileReference; explicitFileType = wrapper.cfbundle; includeInIndex = 0; path = WakeTrackerUITests.xctest; sourceTree = BUILT_PRODUCTS_DIR; };
		4B9056C41D1050F90042457C /* WakeTrackerUITests.swift */ = {isa = PBXFileReference; lastKnownFileType = sourcecode.swift; path = WakeTrackerUITests.swift; sourceTree = "<group>"; };
		4B9056C61D1050F90042457C /* Info.plist */ = {isa = PBXFileReference; lastKnownFileType = text.plist.xml; path = Info.plist; sourceTree = "<group>"; };
		4BFFC5921D10A58B00714785 /* Record.swift */ = {isa = PBXFileReference; fileEncoding = 4; lastKnownFileType = sourcecode.swift; path = Record.swift; sourceTree = "<group>"; };
/* End PBXFileReference section */

/* Begin PBXFrameworksBuildPhase section */
		4B90569C1D1050F90042457C /* Frameworks */ = {
			isa = PBXFrameworksBuildPhase;
			buildActionMask = 2147483647;
			files = (
			);
			runOnlyForDeploymentPostprocessing = 0;
		};
		4B9056B21D1050F90042457C /* Frameworks */ = {
			isa = PBXFrameworksBuildPhase;
			buildActionMask = 2147483647;
			files = (
			);
			runOnlyForDeploymentPostprocessing = 0;
		};
		4B9056BD1D1050F90042457C /* Frameworks */ = {
			isa = PBXFrameworksBuildPhase;
			buildActionMask = 2147483647;
			files = (
			);
			runOnlyForDeploymentPostprocessing = 0;
		};
/* End PBXFrameworksBuildPhase section */

/* Begin PBXGroup section */
		4B9056961D1050F80042457C = {
			isa = PBXGroup;
			children = (
				4B9056A11D1050F90042457C /* WakeTracker */,
				4B9056B81D1050F90042457C /* WakeTrackerTests */,
				4B9056C31D1050F90042457C /* WakeTrackerUITests */,
				4B9056A01D1050F90042457C /* Products */,
			);
			sourceTree = "<group>";
		};
		4B9056A01D1050F90042457C /* Products */ = {
			isa = PBXGroup;
			children = (
				4B90569F1D1050F90042457C /* WakeTracker.app */,
				4B9056B51D1050F90042457C /* WakeTrackerTests.xctest */,
				4B9056C01D1050F90042457C /* WakeTrackerUITests.xctest */,
			);
			name = Products;
			sourceTree = "<group>";
		};
		4B9056A11D1050F90042457C /* WakeTracker */ = {
			isa = PBXGroup;
			children = (
				4B9056A21D1050F90042457C /* AppDelegate.swift */,
				4B9056A41D1050F90042457C /* RecordViewController.swift */,
				4B9056A61D1050F90042457C /* ListViewController.swift */,
				4B9056A81D1050F90042457C /* Main.storyboard */,
				4B9056AB1D1050F90042457C /* Assets.xcassets */,
				4B9056AD1D1050F90042457C /* LaunchScreen.storyboard */,
				4B9056B01D1050F90042457C /* Info.plist */,
				4BFFC5921D10A58B00714785 /* Record.swift */,
				4B1AF7871D1604AC00757C7F /* RecordTableViewCell.swift */,
			);
			path = WakeTracker;
			sourceTree = "<group>";
		};
		4B9056B81D1050F90042457C /* WakeTrackerTests */ = {
			isa = PBXGroup;
			children = (
				4B9056B91D1050F90042457C /* WakeTrackerTests.swift */,
				4B9056BB1D1050F90042457C /* Info.plist */,
			);
			path = WakeTrackerTests;
			sourceTree = "<group>";
		};
		4B9056C31D1050F90042457C /* WakeTrackerUITests */ = {
			isa = PBXGroup;
			children = (
				4B9056C41D1050F90042457C /* WakeTrackerUITests.swift */,
				4B9056C61D1050F90042457C /* Info.plist */,
			);
			path = WakeTrackerUITests;
			sourceTree = "<group>";
		};
/* End PBXGroup section */

/* Begin PBXNativeTarget section */
		4B90569E1D1050F90042457C /* WakeTracker */ = {
			isa = PBXNativeTarget;
			buildConfigurationList = 4B9056C91D1050F90042457C /* Build configuration list for PBXNativeTarget "WakeTracker" */;
			buildPhases = (
				4B90569B1D1050F90042457C /* Sources */,
				4B90569C1D1050F90042457C /* Frameworks */,
				4B90569D1D1050F90042457C /* Resources */,
			);
			buildRules = (
			);
			dependencies = (
			);
			name = WakeTracker;
			productName = WakeTracker;
			productReference = 4B90569F1D1050F90042457C /* WakeTracker.app */;
			productType = "com.apple.product-type.application";
		};
		4B9056B41D1050F90042457C /* WakeTrackerTests */ = {
			isa = PBXNativeTarget;
			buildConfigurationList = 4B9056CC1D1050F90042457C /* Build configuration list for PBXNativeTarget "WakeTrackerTests" */;
			buildPhases = (
				4B9056B11D1050F90042457C /* Sources */,
				4B9056B21D1050F90042457C /* Frameworks */,
				4B9056B31D1050F90042457C /* Resources */,
			);
			buildRules = (
			);
			dependencies = (
				4B9056B71D1050F90042457C /* PBXTargetDependency */,
			);
			name = WakeTrackerTests;
			productName = WakeTrackerTests;
			productReference = 4B9056B51D1050F90042457C /* WakeTrackerTests.xctest */;
			productType = "com.apple.product-type.bundle.unit-test";
		};
		4B9056BF1D1050F90042457C /* WakeTrackerUITests */ = {
			isa = PBXNativeTarget;
			buildConfigurationList = 4B9056CF1D1050F90042457C /* Build configuration list for PBXNativeTarget "WakeTrackerUITests" */;
			buildPhases = (
				4B9056BC1D1050F90042457C /* Sources */,
				4B9056BD1D1050F90042457C /* Frameworks */,
				4B9056BE1D1050F90042457C /* Resources */,
			);
			buildRules = (
			);
			dependencies = (
				4B9056C21D1050F90042457C /* PBXTargetDependency */,
			);
			name = WakeTrackerUITests;
			productName = WakeTrackerUITests;
			productReference = 4B9056C01D1050F90042457C /* WakeTrackerUITests.xctest */;
			productType = "com.apple.product-type.bundle.ui-testing";
		};
/* End PBXNativeTarget section */

/* Begin PBXProject section */
		4B9056971D1050F80042457C /* Project object */ = {
			isa = PBXProject;
			attributes = {
				LastSwiftUpdateCheck = 0730;
				LastUpgradeCheck = 0730;
				ORGANIZATIONNAME = "CJ Willis";
				TargetAttributes = {
					4B90569E1D1050F90042457C = {
						CreatedOnToolsVersion = 7.3.1;
						DevelopmentTeam = N2G9FGLTJ8;
					};
					4B9056B41D1050F90042457C = {
						CreatedOnToolsVersion = 7.3.1;
						DevelopmentTeam = N2G9FGLTJ8;
						TestTargetID = 4B90569E1D1050F90042457C;
					};
					4B9056BF1D1050F90042457C = {
						CreatedOnToolsVersion = 7.3.1;
						DevelopmentTeam = N2G9FGLTJ8;
						TestTargetID = 4B90569E1D1050F90042457C;
					};
				};
			};
			buildConfigurationList = 4B90569A1D1050F80042457C /* Build configuration list for PBXProject "WakeTracker" */;
			compatibilityVersion = "Xcode 3.2";
			developmentRegion = English;
			hasScannedForEncodings = 0;
			knownRegions = (
				en,
				Base,
			);
			mainGroup = 4B9056961D1050F80042457C;
			productRefGroup = 4B9056A01D1050F90042457C /* Products */;
			projectDirPath = "";
			projectRoot = "";
			targets = (
				4B90569E1D1050F90042457C /* WakeTracker */,
				4B9056B41D1050F90042457C /* WakeTrackerTests */,
				4B9056BF1D1050F90042457C /* WakeTrackerUITests */,
			);
		};
/* End PBXProject section */

/* Begin PBXResourcesBuildPhase section */
		4B90569D1D1050F90042457C /* Resources */ = {
			isa = PBXResourcesBuildPhase;
			buildActionMask = 2147483647;
			files = (
				4B9056AF1D1050F90042457C /* LaunchScreen.storyboard in Resources */,
				4B9056AC1D1050F90042457C /* Assets.xcassets in Resources */,
				4B9056AA1D1050F90042457C /* Main.storyboard in Resources */,
			);
			runOnlyForDeploymentPostprocessing = 0;
		};
		4B9056B31D1050F90042457C /* Resources */ = {
			isa = PBXResourcesBuildPhase;
			buildActionMask = 2147483647;
			files = (
			);
			runOnlyForDeploymentPostprocessing = 0;
		};
		4B9056BE1D1050F90042457C /* Resources */ = {
			isa = PBXResourcesBuildPhase;
			buildActionMask = 2147483647;
			files = (
			);
			runOnlyForDeploymentPostprocessing = 0;
		};
/* End PBXResourcesBuildPhase section */

/* Begin PBXSourcesBuildPhase section */
		4B90569B1D1050F90042457C /* Sources */ = {
			isa = PBXSourcesBuildPhase;
			buildActionMask = 2147483647;
			files = (
				4B9056A71D1050F90042457C /* ListViewController.swift in Sources */,
				4B9056A31D1050F90042457C /* AppDelegate.swift in Sources */,
				4BFFC5931D10A58B00714785 /* Record.swift in Sources */,
				4B1AF7881D1604AC00757C7F /* RecordTableViewCell.swift in Sources */,
				4B9056A51D1050F90042457C /* RecordViewController.swift in Sources */,
			);
			runOnlyForDeploymentPostprocessing = 0;
		};
		4B9056B11D1050F90042457C /* Sources */ = {
			isa = PBXSourcesBuildPhase;
			buildActionMask = 2147483647;
			files = (
				4B9056BA1D1050F90042457C /* WakeTrackerTests.swift in Sources */,
			);
			runOnlyForDeploymentPostprocessing = 0;
		};
		4B9056BC1D1050F90042457C /* Sources */ = {
			isa = PBXSourcesBuildPhase;
			buildActionMask = 2147483647;
			files = (
				4B9056C51D1050F90042457C /* WakeTrackerUITests.swift in Sources */,
			);
			runOnlyForDeploymentPostprocessing = 0;
		};
/* End PBXSourcesBuildPhase section */

/* Begin PBXTargetDependency section */
		4B9056B71D1050F90042457C /* PBXTargetDependency */ = {
			isa = PBXTargetDependency;
			target = 4B90569E1D1050F90042457C /* WakeTracker */;
			targetProxy = 4B9056B61D1050F90042457C /* PBXContainerItemProxy */;
		};
		4B9056C21D1050F90042457C /* PBXTargetDependency */ = {
			isa = PBXTargetDependency;
			target = 4B90569E1D1050F90042457C /* WakeTracker */;
			targetProxy = 4B9056C11D1050F90042457C /* PBXContainerItemProxy */;
		};
/* End PBXTargetDependency section */

/* Begin PBXVariantGroup section */
		4B9056A81D1050F90042457C /* Main.storyboard */ = {
			isa = PBXVariantGroup;
			children = (
				4B9056A91D1050F90042457C /* Base */,
			);
			name = Main.storyboard;
			sourceTree = "<group>";
		};
		4B9056AD1D1050F90042457C /* LaunchScreen.storyboard */ = {
			isa = PBXVariantGroup;
			children = (
				4B9056AE1D1050F90042457C /* Base */,
			);
			name = LaunchScreen.storyboard;
			sourceTree = "<group>";
		};
/* End PBXVariantGroup section */

/* Begin XCBuildConfiguration section */
		4B9056C71D1050F90042457C /* Debug */ = {
			isa = XCBuildConfiguration;
			buildSettings = {
				ALWAYS_SEARCH_USER_PATHS = NO;
				CLANG_ANALYZER_NONNULL = YES;
				CLANG_CXX_LANGUAGE_STANDARD = "gnu++0x";
				CLANG_CXX_LIBRARY = "libc++";
				CLANG_ENABLE_MODULES = YES;
				CLANG_ENABLE_OBJC_ARC = YES;
				CLANG_WARN_BOOL_CONVERSION = YES;
				CLANG_WARN_CONSTANT_CONVERSION = YES;
				CLANG_WARN_DIRECT_OBJC_ISA_USAGE = YES_ERROR;
				CLANG_WARN_EMPTY_BODY = YES;
				CLANG_WARN_ENUM_CONVERSION = YES;
				CLANG_WARN_INT_CONVERSION = YES;
				CLANG_WARN_OBJC_ROOT_CLASS = YES_ERROR;
				CLANG_WARN_UNREACHABLE_CODE = YES;
				CLANG_WARN__DUPLICATE_METHOD_MATCH = YES;
				"CODE_SIGN_IDENTITY[sdk=iphoneos*]" = "iPhone Developer";
				COPY_PHASE_STRIP = NO;
				DEBUG_INFORMATION_FORMAT = dwarf;
				ENABLE_STRICT_OBJC_MSGSEND = YES;
				ENABLE_TESTABILITY = YES;
				GCC_C_LANGUAGE_STANDARD = gnu99;
				GCC_DYNAMIC_NO_PIC = NO;
				GCC_NO_COMMON_BLOCKS = YES;
				GCC_OPTIMIZATION_LEVEL = 0;
				GCC_PREPROCESSOR_DEFINITIONS = (
					"DEBUG=1",
					"$(inherited)",
				);
				GCC_WARN_64_TO_32_BIT_CONVERSION = YES;
				GCC_WARN_ABOUT_RETURN_TYPE = YES_ERROR;
				GCC_WARN_UNDECLARED_SELECTOR = YES;
				GCC_WARN_UNINITIALIZED_AUTOS = YES_AGGRESSIVE;
				GCC_WARN_UNUSED_FUNCTION = YES;
				GCC_WARN_UNUSED_VARIABLE = YES;
				IPHONEOS_DEPLOYMENT_TARGET = 9.3;
				MTL_ENABLE_DEBUG_INFO = YES;
				ONLY_ACTIVE_ARCH = YES;
				SDKROOT = iphoneos;
				SWIFT_OPTIMIZATION_LEVEL = "-Onone";
			};
			name = Debug;
		};
		4B9056C81D1050F90042457C /* Release */ = {
			isa = XCBuildConfiguration;
			buildSettings = {
				ALWAYS_SEARCH_USER_PATHS = NO;
				CLANG_ANALYZER_NONNULL = YES;
				CLANG_CXX_LANGUAGE_STANDARD = "gnu++0x";
				CLANG_CXX_LIBRARY = "libc++";
				CLANG_ENABLE_MODULES = YES;
				CLANG_ENABLE_OBJC_ARC = YES;
				CLANG_WARN_BOOL_CONVERSION = YES;
				CLANG_WARN_CONSTANT_CONVERSION = YES;
				CLANG_WARN_DIRECT_OBJC_ISA_USAGE = YES_ERROR;
				CLANG_WARN_EMPTY_BODY = YES;
				CLANG_WARN_ENUM_CONVERSION = YES;
				CLANG_WARN_INT_CONVERSION = YES;
				CLANG_WARN_OBJC_ROOT_CLASS = YES_ERROR;
				CLANG_WARN_UNREACHABLE_CODE = YES;
				CLANG_WARN__DUPLICATE_METHOD_MATCH = YES;
				"CODE_SIGN_IDENTITY[sdk=iphoneos*]" = "iPhone Developer";
				COPY_PHASE_STRIP = NO;
				DEBUG_INFORMATION_FORMAT = "dwarf-with-dsym";
				ENABLE_NS_ASSERTIONS = NO;
				ENABLE_STRICT_OBJC_MSGSEND = YES;
				GCC_C_LANGUAGE_STANDARD = gnu99;
				GCC_NO_COMMON_BLOCKS = YES;
				GCC_WARN_64_TO_32_BIT_CONVERSION = YES;
				GCC_WARN_ABOUT_RETURN_TYPE = YES_ERROR;
				GCC_WARN_UNDECLARED_SELECTOR = YES;
				GCC_WARN_UNINITIALIZED_AUTOS = YES_AGGRESSIVE;
				GCC_WARN_UNUSED_FUNCTION = YES;
				GCC_WARN_UNUSED_VARIABLE = YES;
				IPHONEOS_DEPLOYMENT_TARGET = 9.3;
				MTL_ENABLE_DEBUG_INFO = NO;
				SDKROOT = iphoneos;
				VALIDATE_PRODUCT = YES;
			};
			name = Release;
		};
		4B9056CA1D1050F90042457C /* Debug */ = {
			isa = XCBuildConfiguration;
			buildSettings = {
				ASSETCATALOG_COMPILER_APPICON_NAME = AppIcon;
				INFOPLIST_FILE = WakeTracker/Info.plist;
				LD_RUNPATH_SEARCH_PATHS = "$(inherited) @executable_path/Frameworks";
				PRODUCT_BUNDLE_IDENTIFIER = com.cjwillis.WakeTracker;
				PRODUCT_NAME = "$(TARGET_NAME)";
			};
			name = Debug;
		};
		4B9056CB1D1050F90042457C /* Release */ = {
			isa = XCBuildConfiguration;
			buildSettings = {
				ASSETCATALOG_COMPILER_APPICON_NAME = AppIcon;
				INFOPLIST_FILE = WakeTracker/Info.plist;
				LD_RUNPATH_SEARCH_PATHS = "$(inherited) @executable_path/Frameworks";
				PRODUCT_BUNDLE_IDENTIFIER = com.cjwillis.WakeTracker;
				PRODUCT_NAME = "$(TARGET_NAME)";
			};
			name = Release;
		};
		4B9056CD1D1050F90042457C /* Debug */ = {
			isa = XCBuildConfiguration;
			buildSettings = {
				BUNDLE_LOADER = "$(TEST_HOST)";
				INFOPLIST_FILE = WakeTrackerTests/Info.plist;
				LD_RUNPATH_SEARCH_PATHS = "$(inherited) @executable_path/Frameworks @loader_path/Frameworks";
				PRODUCT_BUNDLE_IDENTIFIER = com.cjwillis.WakeTrackerTests;
				PRODUCT_NAME = "$(TARGET_NAME)";
				TEST_HOST = "$(BUILT_PRODUCTS_DIR)/WakeTracker.app/WakeTracker";
			};
			name = Debug;
		};
		4B9056CE1D1050F90042457C /* Release */ = {
			isa = XCBuildConfiguration;
			buildSettings = {
				BUNDLE_LOADER = "$(TEST_HOST)";
				INFOPLIST_FILE = WakeTrackerTests/Info.plist;
				LD_RUNPATH_SEARCH_PATHS = "$(inherited) @executable_path/Frameworks @loader_path/Frameworks";
				PRODUCT_BUNDLE_IDENTIFIER = com.cjwillis.WakeTrackerTests;
				PRODUCT_NAME = "$(TARGET_NAME)";
				TEST_HOST = "$(BUILT_PRODUCTS_DIR)/WakeTracker.app/WakeTracker";
			};
			name = Release;
		};
		4B9056D01D1050F90042457C /* Debug */ = {
			isa = XCBuildConfiguration;
			buildSettings = {
				INFOPLIST_FILE = WakeTrackerUITests/Info.plist;
				LD_RUNPATH_SEARCH_PATHS = "$(inherited) @executable_path/Frameworks @loader_path/Frameworks";
				PRODUCT_BUNDLE_IDENTIFIER = com.cjwillis.WakeTrackerUITests;
				PRODUCT_NAME = "$(TARGET_NAME)";
				TEST_TARGET_NAME = WakeTracker;
			};
			name = Debug;
		};
		4B9056D11D1050F90042457C /* Release */ = {
			isa = XCBuildConfiguration;
			buildSettings = {
				INFOPLIST_FILE = WakeTrackerUITests/Info.plist;
				LD_RUNPATH_SEARCH_PATHS = "$(inherited) @executable_path/Frameworks @loader_path/Frameworks";
				PRODUCT_BUNDLE_IDENTIFIER = com.cjwillis.WakeTrackerUITests;
				PRODUCT_NAME = "$(TARGET_NAME)";
				TEST_TARGET_NAME = WakeTracker;
			};
			name = Release;
		};
/* End XCBuildConfiguration section */

/* Begin XCConfigurationList section */
		4B90569A1D1050F80042457C /* Build configuration list for PBXProject "WakeTracker" */ = {
			isa = XCConfigurationList;
			buildConfigurations = (
				4B9056C71D1050F90042457C /* Debug */,
				4B9056C81D1050F90042457C /* Release */,
			);
			defaultConfigurationIsVisible = 0;
			defaultConfigurationName = Release;
		};
		4B9056C91D1050F90042457C /* Build configuration list for PBXNativeTarget "WakeTracker" */ = {
			isa = XCConfigurationList;
			buildConfigurations = (
				4B9056CA1D1050F90042457C /* Debug */,
				4B9056CB1D1050F90042457C /* Release */,
			);
			defaultConfigurationIsVisible = 0;
			defaultConfigurationName = Release;
		};
		4B9056CC1D1050F90042457C /* Build configuration list for PBXNativeTarget "WakeTrackerTests" */ = {
			isa = XCConfigurationList;
			buildConfigurations = (
				4B9056CD1D1050F90042457C /* Debug */,
				4B9056CE1D1050F90042457C /* Release */,
			);
			defaultConfigurationIsVisible = 0;
			defaultConfigurationName = Release;
		};
		4B9056CF1D1050F90042457C /* Build configuration list for PBXNativeTarget "WakeTrackerUITests" */ = {
			isa = XCConfigurationList;
			buildConfigurations = (
				4B9056D01D1050F90042457C /* Debug */,
				4B9056D11D1050F90042457C /* Release */,
			);
			defaultConfigurationIsVisible = 0;
			defaultConfigurationName = Release;
		};
/* End XCConfigurationList section */
	};
	rootObject = 4B9056971D1050F80042457C /* Project object */;
}
